
Microsoft Visual Studio Solution File, Format Version 12.00
# Visual Studio 2013
VisualStudioVersion = 12.0.31101.0
MinimumVisualStudioVersion = 10.0.40219.1
Project("{2150E333-8FDC-42A3-9474-1A3956D46DE8}") = "Domain", "Domain", "{CB1CB907-B0EC-4A05-8EB5-A857FFDB0892}"
EndProject
Project("{FAE04EC0-301F-11D3-BF4B-00C04F79EFBC}") = "NHS111.Domain", "NHS111.Domain\NHS111.Domain.csproj", "{1B36B587-9DC6-4382-B0A0-2139218C8A45}"
EndProject
Project("{FAE04EC0-301F-11D3-BF4B-00C04F79EFBC}") = "NHS111.Domain.Api", "NHS111.Domain.Api\NHS111.Domain.Api.csproj", "{9594664B-ABB7-43B0-93AB-27DF5D7B41D8}"
EndProject
Project("{FAE04EC0-301F-11D3-BF4B-00C04F79EFBC}") = "NHS111.Utils", "NHS111.Utils\NHS111.Utils.csproj", "{EFC4426E-3564-4C5E-AC95-4DE7A2C55876}"
EndProject
Project("{FAE04EC0-301F-11D3-BF4B-00C04F79EFBC}") = "NHS111.Models", "NHS111.Models\NHS111.Models.csproj", "{4CCF3ABD-92C4-4999-8520-C4AA7B36F48C}"
EndProject
Project("{2150E333-8FDC-42A3-9474-1A3956D46DE8}") = ".nuget", ".nuget", "{3FDF8F23-61CE-442F-A11C-204AC73791EF}"
	ProjectSection(SolutionItems) = preProject
		.nuget\NuGet.Config = .nuget\NuGet.Config
		.nuget\NuGet.exe = .nuget\NuGet.exe
		.nuget\NuGet.targets = .nuget\NuGet.targets
	EndProjectSection
EndProject
Project("{2150E333-8FDC-42A3-9474-1A3956D46DE8}") = "Tests", "Tests", "{78BCB3F9-1B24-4B2C-AABB-5A0DD496CC4D}"
EndProject
Project("{FAE04EC0-301F-11D3-BF4B-00C04F79EFBC}") = "NHS111.Utils.Test", "NHS111.Utils.Test\NHS111.Utils.Test.csproj", "{52CCE297-BA52-4AB4-B783-DFAB4C08813D}"
EndProject
Project("{2150E333-8FDC-42A3-9474-1A3956D46DE8}") = "Unit", "Unit", "{2210E921-625E-4BB2-8C72-C198758FE232}"
EndProject
Project("{FAE04EC0-301F-11D3-BF4B-00C04F79EFBC}") = "NHS111.Domain.Test", "NHS111.Domain.Test\NHS111.Domain.Test.csproj", "{7D751C02-B695-4C60-B6BC-CE0B351E8F04}"
EndProject
Project("{2150E333-8FDC-42A3-9474-1A3956D46DE8}") = "Web", "Web", "{0D2A4837-9BD3-4464-9373-976BCBDAD0C9}"
EndProject
Project("{FAE04EC0-301F-11D3-BF4B-00C04F79EFBC}") = "NHS111.Web", "NHS111.Web\NHS111.Web.csproj", "{0E1FA976-DBC7-45B4-8046-E26857668D90}"
EndProject
Project("{FAE04EC0-301F-11D3-BF4B-00C04F79EFBC}") = "NHS111.Web.Presentation", "NHS111.Web.Presentation\NHS111.Web.Presentation.csproj", "{9FF5D172-1E47-4E30-8778-3DE65C209438}"
EndProject
Project("{2150E333-8FDC-42A3-9474-1A3956D46DE8}") = "Business", "Business", "{E4AD073D-A815-49B7-9E02-A33F5D78FD5C}"
EndProject
Project("{FAE04EC0-301F-11D3-BF4B-00C04F79EFBC}") = "NHS111.Business", "NHS111.Business\NHS111.Business.csproj", "{91B42D29-1161-4E4A-84A1-A2293C8C4560}"
EndProject
Project("{FAE04EC0-301F-11D3-BF4B-00C04F79EFBC}") = "NHS111.Business.Api", "NHS111.Business.Api\NHS111.Business.Api.csproj", "{084C9B35-C5AE-4EA0-9645-281434E8EA82}"
EndProject
Project("{FAE04EC0-301F-11D3-BF4B-00C04F79EFBC}") = "NHS111.Business.Test", "NHS111.Business.Test\NHS111.Business.Test.csproj", "{8941C3BF-8638-48E3-B55D-6C1CF4258D77}"
EndProject
Project("{FAE04EC0-301F-11D3-BF4B-00C04F79EFBC}") = "NHS111.Domain.DOS.Api", "NHS111.Domain.DOS.Api\NHS111.Domain.DOS.Api.csproj", "{54471722-4D16-4DF3-B116-EEFDEDA7B98F}"
EndProject
Project("{2150E333-8FDC-42A3-9474-1A3956D46DE8}") = "Integration", "Integration", "{B059C380-0BFA-40CB-8337-09AFF3FAE9C5}"
EndProject
Project("{FAE04EC0-301F-11D3-BF4B-00C04F79EFBC}") = "NHS111.Integration.DOS.Api", "NHS111.Integration.DOS.Api\NHS111.Integration.DOS.Api.csproj", "{31C22915-8FE9-45B2-AF0F-01441CF56227}"
EndProject
Project("{FAE04EC0-301F-11D3-BF4B-00C04F79EFBC}") = "NHS111.Business.DOS.Api", "NHS111.Business.DOS.Api\NHS111.Business.DOS.Api.csproj", "{2C789509-C5D1-4E98-A479-7B902872CAF0}"
EndProject
Project("{FAE04EC0-301F-11D3-BF4B-00C04F79EFBC}") = "NHS111.Models.Test", "NHS111.Models.Test\NHS111.Models.Test.csproj", "{E6711F3C-79C3-4D11-B29B-27BDDBD505EE}"
EndProject
Project("{2150E333-8FDC-42A3-9474-1A3956D46DE8}") = "Integration", "Integration", "{9EA197E3-C386-49F6-83A4-01FA06C2BBDC}"
EndProject
Project("{FAE04EC0-301F-11D3-BF4B-00C04F79EFBC}") = "NHS111.Domain.Integration.Test", "NHS111.Domain.Integration.Test\NHS111.Domain.Integration.Test.csproj", "{A4050C4E-171F-464C-872C-77DA5102533E}"
EndProject
Project("{FAE04EC0-301F-11D3-BF4B-00C04F79EFBC}") = "NHS111.Domain.Api.Functional.Tests", "NHS111.Domain.Functional.Tests\NHS111.Domain.Api.Functional.Tests.csproj", "{3AD560C8-63E7-48CF-89F8-805F92171124}"
EndProject
Project("{2150E333-8FDC-42A3-9474-1A3956D46DE8}") = "Functional", "Functional", "{51DEE70D-F860-42E8-B4CD-EC979261E286}"
EndProject
Project("{FAE04EC0-301F-11D3-BF4B-00C04F79EFBC}") = "NHS111.Business.API.Functional.Tests", "NHS111.Business.API.Functional.Tests\NHS111.Business.API.Functional.Tests.csproj", "{DE766FE8-1094-46D3-8722-3FF7CF4D5458}"
EndProject
Project("{FAE04EC0-301F-11D3-BF4B-00C04F79EFBC}") = "NHS111.Business.DOS.API.Functional.Tests", "NHS111.Business.DOS.API.Functional.Tests\NHS111.Business.DOS.API.Functional.Tests.csproj", "{A85C6B41-A3E8-4989-9F93-F3F2B6CFEC0F}"
EndProject
Project("{FAE04EC0-301F-11D3-BF4B-00C04F79EFBC}") = "NHS111.Domain.DOS.API.Functional.Tests", "NHS111.Domain.DOS.API.Functional.Tests\NHS111.Domain.DOS.API.Functional.Tests.csproj", "{49C767D6-3957-44A9-BF91-DC4424890105}"
EndProject
Project("{FAE04EC0-301F-11D3-BF4B-00C04F79EFBC}") = "NHS111.Integration.DOS.Api.Functional.Tests", "NHS111.Integration.DOS.Api.Functional.Tests\NHS111.Integration.DOS.Api.Functional.Tests.csproj", "{14B7CD03-883F-4C92-97C7-4B393C5F2D58}"
EndProject
Project("{FAE04EC0-301F-11D3-BF4B-00C04F79EFBC}") = "NHS111.Web.Presentation.Test", "NHS111.Web.Test\NHS111.Web.Presentation.Test.csproj", "{3D52E05E-21F7-47BB-8361-594941F49534}"
EndProject
Project("{FAE04EC0-301F-11D3-BF4B-00C04F79EFBC}") = "NHS111.Web.Tools", "NHS111.Web.Tools\NHS111.Web.Tools.csproj", "{FB7CB063-1F0D-4022-948D-6831A05EC6A6}"
EndProject
Project("{FAE04EC0-301F-11D3-BF4B-00C04F79EFBC}") = "NHS111.Domain.Glossary", "NHS111.Domain.Glossary\NHS111.Domain.Glossary.csproj", "{368C0812-5448-404B-8BF8-CDD906DB54B4}"
EndProject
Project("{FAE04EC0-301F-11D3-BF4B-00C04F79EFBC}") = "NHS111.Business.Glossary.Api", "NHS111.Business.Glossary.Api\NHS111.Business.Glossary.Api.csproj", "{0672AF0B-1B9A-4120-99BB-4CD37A252E1E}"
EndProject
Project("{FAE04EC0-301F-11D3-BF4B-00C04F79EFBC}") = "NHS111.Domain.Glossary.Tests", "NHS111.Domain.Glossary.Tests\NHS111.Domain.Glossary.Tests.csproj", "{D97AA0A6-00D3-4B44-8AE0-E357149B6CA6}"
EndProject
Project("{FAE04EC0-301F-11D3-BF4B-00C04F79EFBC}") = "NHS111.Business.Glossary.Test", "NHS111.Business.Glossary.Test\NHS111.Business.Glossary.Test.csproj", "{678C3740-3209-41D7-800C-BD2D7F56A5A0}"
EndProject
Project("{FAE04EC0-301F-11D3-BF4B-00C04F79EFBC}") = "NHS111.Functional.Tests.Tools", "NHS111.Functional.ResponseValidation\NHS111.Functional.Tests.Tools.csproj", "{287A7A76-88A0-4CBE-AD54-2B6D32FED830}"
EndProject
Global
	GlobalSection(SolutionConfigurationPlatforms) = preSolution
		Debug|Any CPU = Debug|Any CPU
		Development|Any CPU = Development|Any CPU
		Release|Any CPU = Release|Any CPU
		Test|Any CPU = Test|Any CPU
		UAT|Any CPU = UAT|Any CPU
	EndGlobalSection
	GlobalSection(ProjectConfigurationPlatforms) = postSolution
		{1B36B587-9DC6-4382-B0A0-2139218C8A45}.Debug|Any CPU.ActiveCfg = Debug|Any CPU
		{1B36B587-9DC6-4382-B0A0-2139218C8A45}.Debug|Any CPU.Build.0 = Debug|Any CPU
		{1B36B587-9DC6-4382-B0A0-2139218C8A45}.Development|Any CPU.ActiveCfg = Development|Any CPU
		{1B36B587-9DC6-4382-B0A0-2139218C8A45}.Development|Any CPU.Build.0 = Development|Any CPU
		{1B36B587-9DC6-4382-B0A0-2139218C8A45}.Release|Any CPU.ActiveCfg = Release|Any CPU
		{1B36B587-9DC6-4382-B0A0-2139218C8A45}.Release|Any CPU.Build.0 = Release|Any CPU
		{1B36B587-9DC6-4382-B0A0-2139218C8A45}.Test|Any CPU.ActiveCfg = Test|Any CPU
		{1B36B587-9DC6-4382-B0A0-2139218C8A45}.Test|Any CPU.Build.0 = Test|Any CPU
		{1B36B587-9DC6-4382-B0A0-2139218C8A45}.UAT|Any CPU.ActiveCfg = UAT|Any CPU
		{1B36B587-9DC6-4382-B0A0-2139218C8A45}.UAT|Any CPU.Build.0 = UAT|Any CPU
		{9594664B-ABB7-43B0-93AB-27DF5D7B41D8}.Debug|Any CPU.ActiveCfg = Debug|Any CPU
		{9594664B-ABB7-43B0-93AB-27DF5D7B41D8}.Debug|Any CPU.Build.0 = Debug|Any CPU
		{9594664B-ABB7-43B0-93AB-27DF5D7B41D8}.Development|Any CPU.ActiveCfg = Development|Any CPU
		{9594664B-ABB7-43B0-93AB-27DF5D7B41D8}.Development|Any CPU.Build.0 = Development|Any CPU
		{9594664B-ABB7-43B0-93AB-27DF5D7B41D8}.Release|Any CPU.ActiveCfg = Release|Any CPU
		{9594664B-ABB7-43B0-93AB-27DF5D7B41D8}.Release|Any CPU.Build.0 = Release|Any CPU
		{9594664B-ABB7-43B0-93AB-27DF5D7B41D8}.Test|Any CPU.ActiveCfg = Test|Any CPU
		{9594664B-ABB7-43B0-93AB-27DF5D7B41D8}.Test|Any CPU.Build.0 = Test|Any CPU
		{9594664B-ABB7-43B0-93AB-27DF5D7B41D8}.UAT|Any CPU.ActiveCfg = UAT|Any CPU
		{9594664B-ABB7-43B0-93AB-27DF5D7B41D8}.UAT|Any CPU.Build.0 = UAT|Any CPU
		{EFC4426E-3564-4C5E-AC95-4DE7A2C55876}.Debug|Any CPU.ActiveCfg = Debug|Any CPU
		{EFC4426E-3564-4C5E-AC95-4DE7A2C55876}.Debug|Any CPU.Build.0 = Debug|Any CPU
		{EFC4426E-3564-4C5E-AC95-4DE7A2C55876}.Development|Any CPU.ActiveCfg = Development|Any CPU
		{EFC4426E-3564-4C5E-AC95-4DE7A2C55876}.Development|Any CPU.Build.0 = Development|Any CPU
		{EFC4426E-3564-4C5E-AC95-4DE7A2C55876}.Release|Any CPU.ActiveCfg = Release|Any CPU
		{EFC4426E-3564-4C5E-AC95-4DE7A2C55876}.Release|Any CPU.Build.0 = Release|Any CPU
		{EFC4426E-3564-4C5E-AC95-4DE7A2C55876}.Test|Any CPU.ActiveCfg = Test|Any CPU
		{EFC4426E-3564-4C5E-AC95-4DE7A2C55876}.Test|Any CPU.Build.0 = Test|Any CPU
		{EFC4426E-3564-4C5E-AC95-4DE7A2C55876}.UAT|Any CPU.ActiveCfg = UAT|Any CPU
		{EFC4426E-3564-4C5E-AC95-4DE7A2C55876}.UAT|Any CPU.Build.0 = UAT|Any CPU
		{4CCF3ABD-92C4-4999-8520-C4AA7B36F48C}.Debug|Any CPU.ActiveCfg = Debug|Any CPU
		{4CCF3ABD-92C4-4999-8520-C4AA7B36F48C}.Debug|Any CPU.Build.0 = Debug|Any CPU
		{4CCF3ABD-92C4-4999-8520-C4AA7B36F48C}.Development|Any CPU.ActiveCfg = Development|Any CPU
		{4CCF3ABD-92C4-4999-8520-C4AA7B36F48C}.Development|Any CPU.Build.0 = Development|Any CPU
		{4CCF3ABD-92C4-4999-8520-C4AA7B36F48C}.Release|Any CPU.ActiveCfg = Release|Any CPU
		{4CCF3ABD-92C4-4999-8520-C4AA7B36F48C}.Release|Any CPU.Build.0 = Release|Any CPU
		{4CCF3ABD-92C4-4999-8520-C4AA7B36F48C}.Test|Any CPU.ActiveCfg = Test|Any CPU
		{4CCF3ABD-92C4-4999-8520-C4AA7B36F48C}.Test|Any CPU.Build.0 = Test|Any CPU
		{4CCF3ABD-92C4-4999-8520-C4AA7B36F48C}.UAT|Any CPU.ActiveCfg = UAT|Any CPU
		{4CCF3ABD-92C4-4999-8520-C4AA7B36F48C}.UAT|Any CPU.Build.0 = UAT|Any CPU
		{52CCE297-BA52-4AB4-B783-DFAB4C08813D}.Debug|Any CPU.ActiveCfg = Debug|Any CPU
		{52CCE297-BA52-4AB4-B783-DFAB4C08813D}.Debug|Any CPU.Build.0 = Debug|Any CPU
		{52CCE297-BA52-4AB4-B783-DFAB4C08813D}.Development|Any CPU.ActiveCfg = Debug|Any CPU
		{52CCE297-BA52-4AB4-B783-DFAB4C08813D}.Development|Any CPU.Build.0 = Debug|Any CPU
		{52CCE297-BA52-4AB4-B783-DFAB4C08813D}.Release|Any CPU.ActiveCfg = Release|Any CPU
		{52CCE297-BA52-4AB4-B783-DFAB4C08813D}.Release|Any CPU.Build.0 = Release|Any CPU
		{52CCE297-BA52-4AB4-B783-DFAB4C08813D}.Test|Any CPU.ActiveCfg = UAT|Any CPU
		{52CCE297-BA52-4AB4-B783-DFAB4C08813D}.Test|Any CPU.Build.0 = UAT|Any CPU
		{52CCE297-BA52-4AB4-B783-DFAB4C08813D}.UAT|Any CPU.ActiveCfg = UAT|Any CPU
		{52CCE297-BA52-4AB4-B783-DFAB4C08813D}.UAT|Any CPU.Build.0 = UAT|Any CPU
		{7D751C02-B695-4C60-B6BC-CE0B351E8F04}.Debug|Any CPU.ActiveCfg = Debug|Any CPU
		{7D751C02-B695-4C60-B6BC-CE0B351E8F04}.Debug|Any CPU.Build.0 = Debug|Any CPU
		{7D751C02-B695-4C60-B6BC-CE0B351E8F04}.Development|Any CPU.ActiveCfg = Debug|Any CPU
		{7D751C02-B695-4C60-B6BC-CE0B351E8F04}.Development|Any CPU.Build.0 = Debug|Any CPU
		{7D751C02-B695-4C60-B6BC-CE0B351E8F04}.Release|Any CPU.ActiveCfg = Release|Any CPU
		{7D751C02-B695-4C60-B6BC-CE0B351E8F04}.Release|Any CPU.Build.0 = Release|Any CPU
		{7D751C02-B695-4C60-B6BC-CE0B351E8F04}.Test|Any CPU.ActiveCfg = UAT|Any CPU
		{7D751C02-B695-4C60-B6BC-CE0B351E8F04}.Test|Any CPU.Build.0 = UAT|Any CPU
		{7D751C02-B695-4C60-B6BC-CE0B351E8F04}.UAT|Any CPU.ActiveCfg = UAT|Any CPU
		{7D751C02-B695-4C60-B6BC-CE0B351E8F04}.UAT|Any CPU.Build.0 = UAT|Any CPU
		{0E1FA976-DBC7-45B4-8046-E26857668D90}.Debug|Any CPU.ActiveCfg = Debug|Any CPU
		{0E1FA976-DBC7-45B4-8046-E26857668D90}.Debug|Any CPU.Build.0 = Debug|Any CPU
		{0E1FA976-DBC7-45B4-8046-E26857668D90}.Development|Any CPU.ActiveCfg = Development|Any CPU
		{0E1FA976-DBC7-45B4-8046-E26857668D90}.Development|Any CPU.Build.0 = Development|Any CPU
		{0E1FA976-DBC7-45B4-8046-E26857668D90}.Release|Any CPU.ActiveCfg = Release|Any CPU
		{0E1FA976-DBC7-45B4-8046-E26857668D90}.Release|Any CPU.Build.0 = Release|Any CPU
		{0E1FA976-DBC7-45B4-8046-E26857668D90}.Test|Any CPU.ActiveCfg = Test|Any CPU
		{0E1FA976-DBC7-45B4-8046-E26857668D90}.Test|Any CPU.Build.0 = Test|Any CPU
		{0E1FA976-DBC7-45B4-8046-E26857668D90}.UAT|Any CPU.ActiveCfg = UAT|Any CPU
		{0E1FA976-DBC7-45B4-8046-E26857668D90}.UAT|Any CPU.Build.0 = UAT|Any CPU
		{9FF5D172-1E47-4E30-8778-3DE65C209438}.Debug|Any CPU.ActiveCfg = Debug|Any CPU
		{9FF5D172-1E47-4E30-8778-3DE65C209438}.Debug|Any CPU.Build.0 = Debug|Any CPU
		{9FF5D172-1E47-4E30-8778-3DE65C209438}.Development|Any CPU.ActiveCfg = Development|Any CPU
		{9FF5D172-1E47-4E30-8778-3DE65C209438}.Development|Any CPU.Build.0 = Development|Any CPU
		{9FF5D172-1E47-4E30-8778-3DE65C209438}.Release|Any CPU.ActiveCfg = Release|Any CPU
		{9FF5D172-1E47-4E30-8778-3DE65C209438}.Release|Any CPU.Build.0 = Release|Any CPU
		{9FF5D172-1E47-4E30-8778-3DE65C209438}.Test|Any CPU.ActiveCfg = Test|Any CPU
		{9FF5D172-1E47-4E30-8778-3DE65C209438}.Test|Any CPU.Build.0 = Test|Any CPU
		{9FF5D172-1E47-4E30-8778-3DE65C209438}.UAT|Any CPU.ActiveCfg = UAT|Any CPU
		{9FF5D172-1E47-4E30-8778-3DE65C209438}.UAT|Any CPU.Build.0 = UAT|Any CPU
		{91B42D29-1161-4E4A-84A1-A2293C8C4560}.Debug|Any CPU.ActiveCfg = Debug|Any CPU
		{91B42D29-1161-4E4A-84A1-A2293C8C4560}.Debug|Any CPU.Build.0 = Debug|Any CPU
		{91B42D29-1161-4E4A-84A1-A2293C8C4560}.Development|Any CPU.ActiveCfg = Development|Any CPU
		{91B42D29-1161-4E4A-84A1-A2293C8C4560}.Development|Any CPU.Build.0 = Development|Any CPU
		{91B42D29-1161-4E4A-84A1-A2293C8C4560}.Release|Any CPU.ActiveCfg = Release|Any CPU
		{91B42D29-1161-4E4A-84A1-A2293C8C4560}.Release|Any CPU.Build.0 = Release|Any CPU
		{91B42D29-1161-4E4A-84A1-A2293C8C4560}.Test|Any CPU.ActiveCfg = Test|Any CPU
		{91B42D29-1161-4E4A-84A1-A2293C8C4560}.Test|Any CPU.Build.0 = Test|Any CPU
		{91B42D29-1161-4E4A-84A1-A2293C8C4560}.UAT|Any CPU.ActiveCfg = UAT|Any CPU
		{91B42D29-1161-4E4A-84A1-A2293C8C4560}.UAT|Any CPU.Build.0 = UAT|Any CPU
		{084C9B35-C5AE-4EA0-9645-281434E8EA82}.Debug|Any CPU.ActiveCfg = Debug|Any CPU
		{084C9B35-C5AE-4EA0-9645-281434E8EA82}.Debug|Any CPU.Build.0 = Debug|Any CPU
		{084C9B35-C5AE-4EA0-9645-281434E8EA82}.Development|Any CPU.ActiveCfg = Development|Any CPU
		{084C9B35-C5AE-4EA0-9645-281434E8EA82}.Development|Any CPU.Build.0 = Development|Any CPU
		{084C9B35-C5AE-4EA0-9645-281434E8EA82}.Release|Any CPU.ActiveCfg = Release|Any CPU
		{084C9B35-C5AE-4EA0-9645-281434E8EA82}.Release|Any CPU.Build.0 = Release|Any CPU
		{084C9B35-C5AE-4EA0-9645-281434E8EA82}.Test|Any CPU.ActiveCfg = Test|Any CPU
		{084C9B35-C5AE-4EA0-9645-281434E8EA82}.Test|Any CPU.Build.0 = Test|Any CPU
		{084C9B35-C5AE-4EA0-9645-281434E8EA82}.UAT|Any CPU.ActiveCfg = UAT|Any CPU
		{084C9B35-C5AE-4EA0-9645-281434E8EA82}.UAT|Any CPU.Build.0 = UAT|Any CPU
		{8941C3BF-8638-48E3-B55D-6C1CF4258D77}.Debug|Any CPU.ActiveCfg = Debug|Any CPU
		{8941C3BF-8638-48E3-B55D-6C1CF4258D77}.Debug|Any CPU.Build.0 = Debug|Any CPU
		{8941C3BF-8638-48E3-B55D-6C1CF4258D77}.Development|Any CPU.ActiveCfg = Debug|Any CPU
		{8941C3BF-8638-48E3-B55D-6C1CF4258D77}.Development|Any CPU.Build.0 = Debug|Any CPU
		{8941C3BF-8638-48E3-B55D-6C1CF4258D77}.Release|Any CPU.ActiveCfg = Release|Any CPU
		{8941C3BF-8638-48E3-B55D-6C1CF4258D77}.Release|Any CPU.Build.0 = Release|Any CPU
		{8941C3BF-8638-48E3-B55D-6C1CF4258D77}.Test|Any CPU.ActiveCfg = UAT|Any CPU
		{8941C3BF-8638-48E3-B55D-6C1CF4258D77}.Test|Any CPU.Build.0 = UAT|Any CPU
		{8941C3BF-8638-48E3-B55D-6C1CF4258D77}.UAT|Any CPU.ActiveCfg = UAT|Any CPU
		{8941C3BF-8638-48E3-B55D-6C1CF4258D77}.UAT|Any CPU.Build.0 = UAT|Any CPU
		{54471722-4D16-4DF3-B116-EEFDEDA7B98F}.Debug|Any CPU.ActiveCfg = Debug|Any CPU
		{54471722-4D16-4DF3-B116-EEFDEDA7B98F}.Debug|Any CPU.Build.0 = Debug|Any CPU
		{54471722-4D16-4DF3-B116-EEFDEDA7B98F}.Development|Any CPU.ActiveCfg = Development|Any CPU
		{54471722-4D16-4DF3-B116-EEFDEDA7B98F}.Development|Any CPU.Build.0 = Development|Any CPU
		{54471722-4D16-4DF3-B116-EEFDEDA7B98F}.Release|Any CPU.ActiveCfg = Release|Any CPU
		{54471722-4D16-4DF3-B116-EEFDEDA7B98F}.Release|Any CPU.Build.0 = Release|Any CPU
		{54471722-4D16-4DF3-B116-EEFDEDA7B98F}.Test|Any CPU.ActiveCfg = Test|Any CPU
		{54471722-4D16-4DF3-B116-EEFDEDA7B98F}.Test|Any CPU.Build.0 = Test|Any CPU
		{54471722-4D16-4DF3-B116-EEFDEDA7B98F}.UAT|Any CPU.ActiveCfg = UAT|Any CPU
		{54471722-4D16-4DF3-B116-EEFDEDA7B98F}.UAT|Any CPU.Build.0 = UAT|Any CPU
		{31C22915-8FE9-45B2-AF0F-01441CF56227}.Debug|Any CPU.ActiveCfg = Debug|Any CPU
		{31C22915-8FE9-45B2-AF0F-01441CF56227}.Debug|Any CPU.Build.0 = Debug|Any CPU
		{31C22915-8FE9-45B2-AF0F-01441CF56227}.Development|Any CPU.ActiveCfg = Development|Any CPU
		{31C22915-8FE9-45B2-AF0F-01441CF56227}.Development|Any CPU.Build.0 = Development|Any CPU
		{31C22915-8FE9-45B2-AF0F-01441CF56227}.Release|Any CPU.ActiveCfg = Release|Any CPU
		{31C22915-8FE9-45B2-AF0F-01441CF56227}.Release|Any CPU.Build.0 = Release|Any CPU
		{31C22915-8FE9-45B2-AF0F-01441CF56227}.Test|Any CPU.ActiveCfg = Test|Any CPU
		{31C22915-8FE9-45B2-AF0F-01441CF56227}.Test|Any CPU.Build.0 = Test|Any CPU
		{31C22915-8FE9-45B2-AF0F-01441CF56227}.UAT|Any CPU.ActiveCfg = UAT|Any CPU
		{31C22915-8FE9-45B2-AF0F-01441CF56227}.UAT|Any CPU.Build.0 = UAT|Any CPU
		{2C789509-C5D1-4E98-A479-7B902872CAF0}.Debug|Any CPU.ActiveCfg = Debug|Any CPU
		{2C789509-C5D1-4E98-A479-7B902872CAF0}.Debug|Any CPU.Build.0 = Debug|Any CPU
		{2C789509-C5D1-4E98-A479-7B902872CAF0}.Development|Any CPU.ActiveCfg = Development|Any CPU
		{2C789509-C5D1-4E98-A479-7B902872CAF0}.Development|Any CPU.Build.0 = Development|Any CPU
		{2C789509-C5D1-4E98-A479-7B902872CAF0}.Release|Any CPU.ActiveCfg = Release|Any CPU
		{2C789509-C5D1-4E98-A479-7B902872CAF0}.Release|Any CPU.Build.0 = Release|Any CPU
		{2C789509-C5D1-4E98-A479-7B902872CAF0}.Test|Any CPU.ActiveCfg = Test|Any CPU
		{2C789509-C5D1-4E98-A479-7B902872CAF0}.Test|Any CPU.Build.0 = Test|Any CPU
		{2C789509-C5D1-4E98-A479-7B902872CAF0}.UAT|Any CPU.ActiveCfg = UAT|Any CPU
		{2C789509-C5D1-4E98-A479-7B902872CAF0}.UAT|Any CPU.Build.0 = UAT|Any CPU
		{E6711F3C-79C3-4D11-B29B-27BDDBD505EE}.Debug|Any CPU.ActiveCfg = Debug|Any CPU
		{E6711F3C-79C3-4D11-B29B-27BDDBD505EE}.Debug|Any CPU.Build.0 = Debug|Any CPU
		{E6711F3C-79C3-4D11-B29B-27BDDBD505EE}.Development|Any CPU.ActiveCfg = Debug|Any CPU
		{E6711F3C-79C3-4D11-B29B-27BDDBD505EE}.Development|Any CPU.Build.0 = Debug|Any CPU
		{E6711F3C-79C3-4D11-B29B-27BDDBD505EE}.Release|Any CPU.ActiveCfg = Release|Any CPU
		{E6711F3C-79C3-4D11-B29B-27BDDBD505EE}.Release|Any CPU.Build.0 = Release|Any CPU
		{E6711F3C-79C3-4D11-B29B-27BDDBD505EE}.Test|Any CPU.ActiveCfg = Release|Any CPU
		{E6711F3C-79C3-4D11-B29B-27BDDBD505EE}.Test|Any CPU.Build.0 = Release|Any CPU
		{E6711F3C-79C3-4D11-B29B-27BDDBD505EE}.UAT|Any CPU.ActiveCfg = Release|Any CPU
		{E6711F3C-79C3-4D11-B29B-27BDDBD505EE}.UAT|Any CPU.Build.0 = Release|Any CPU
		{A4050C4E-171F-464C-872C-77DA5102533E}.Debug|Any CPU.ActiveCfg = Debug|Any CPU
		{A4050C4E-171F-464C-872C-77DA5102533E}.Debug|Any CPU.Build.0 = Debug|Any CPU
		{A4050C4E-171F-464C-872C-77DA5102533E}.Development|Any CPU.ActiveCfg = Debug|Any CPU
		{A4050C4E-171F-464C-872C-77DA5102533E}.Development|Any CPU.Build.0 = Debug|Any CPU
		{A4050C4E-171F-464C-872C-77DA5102533E}.Release|Any CPU.ActiveCfg = Release|Any CPU
		{A4050C4E-171F-464C-872C-77DA5102533E}.Release|Any CPU.Build.0 = Release|Any CPU
		{A4050C4E-171F-464C-872C-77DA5102533E}.Test|Any CPU.ActiveCfg = Release|Any CPU
		{A4050C4E-171F-464C-872C-77DA5102533E}.Test|Any CPU.Build.0 = Release|Any CPU
		{A4050C4E-171F-464C-872C-77DA5102533E}.UAT|Any CPU.ActiveCfg = Release|Any CPU
		{A4050C4E-171F-464C-872C-77DA5102533E}.UAT|Any CPU.Build.0 = Release|Any CPU
		{3AD560C8-63E7-48CF-89F8-805F92171124}.Debug|Any CPU.ActiveCfg = Debug|Any CPU
		{3AD560C8-63E7-48CF-89F8-805F92171124}.Debug|Any CPU.Build.0 = Debug|Any CPU
		{3AD560C8-63E7-48CF-89F8-805F92171124}.Development|Any CPU.ActiveCfg = Debug|Any CPU
		{3AD560C8-63E7-48CF-89F8-805F92171124}.Development|Any CPU.Build.0 = Debug|Any CPU
		{3AD560C8-63E7-48CF-89F8-805F92171124}.Release|Any CPU.ActiveCfg = Release|Any CPU
		{3AD560C8-63E7-48CF-89F8-805F92171124}.Release|Any CPU.Build.0 = Release|Any CPU
		{3AD560C8-63E7-48CF-89F8-805F92171124}.Test|Any CPU.ActiveCfg = Release|Any CPU
		{3AD560C8-63E7-48CF-89F8-805F92171124}.Test|Any CPU.Build.0 = Release|Any CPU
		{3AD560C8-63E7-48CF-89F8-805F92171124}.UAT|Any CPU.ActiveCfg = Release|Any CPU
		{3AD560C8-63E7-48CF-89F8-805F92171124}.UAT|Any CPU.Build.0 = Release|Any CPU
		{DE766FE8-1094-46D3-8722-3FF7CF4D5458}.Debug|Any CPU.ActiveCfg = Debug|Any CPU
		{DE766FE8-1094-46D3-8722-3FF7CF4D5458}.Debug|Any CPU.Build.0 = Debug|Any CPU
		{DE766FE8-1094-46D3-8722-3FF7CF4D5458}.Development|Any CPU.ActiveCfg = Debug|Any CPU
		{DE766FE8-1094-46D3-8722-3FF7CF4D5458}.Development|Any CPU.Build.0 = Debug|Any CPU
		{DE766FE8-1094-46D3-8722-3FF7CF4D5458}.Release|Any CPU.ActiveCfg = Release|Any CPU
		{DE766FE8-1094-46D3-8722-3FF7CF4D5458}.Release|Any CPU.Build.0 = Release|Any CPU
		{DE766FE8-1094-46D3-8722-3FF7CF4D5458}.Test|Any CPU.ActiveCfg = Release|Any CPU
		{DE766FE8-1094-46D3-8722-3FF7CF4D5458}.Test|Any CPU.Build.0 = Release|Any CPU
		{DE766FE8-1094-46D3-8722-3FF7CF4D5458}.UAT|Any CPU.ActiveCfg = Release|Any CPU
		{DE766FE8-1094-46D3-8722-3FF7CF4D5458}.UAT|Any CPU.Build.0 = Release|Any CPU
		{A85C6B41-A3E8-4989-9F93-F3F2B6CFEC0F}.Debug|Any CPU.ActiveCfg = Debug|Any CPU
		{A85C6B41-A3E8-4989-9F93-F3F2B6CFEC0F}.Debug|Any CPU.Build.0 = Debug|Any CPU
		{A85C6B41-A3E8-4989-9F93-F3F2B6CFEC0F}.Development|Any CPU.ActiveCfg = Debug|Any CPU
		{A85C6B41-A3E8-4989-9F93-F3F2B6CFEC0F}.Development|Any CPU.Build.0 = Debug|Any CPU
		{A85C6B41-A3E8-4989-9F93-F3F2B6CFEC0F}.Release|Any CPU.ActiveCfg = Release|Any CPU
		{A85C6B41-A3E8-4989-9F93-F3F2B6CFEC0F}.Release|Any CPU.Build.0 = Release|Any CPU
		{A85C6B41-A3E8-4989-9F93-F3F2B6CFEC0F}.Test|Any CPU.ActiveCfg = Release|Any CPU
		{A85C6B41-A3E8-4989-9F93-F3F2B6CFEC0F}.Test|Any CPU.Build.0 = Release|Any CPU
		{A85C6B41-A3E8-4989-9F93-F3F2B6CFEC0F}.UAT|Any CPU.ActiveCfg = Release|Any CPU
		{A85C6B41-A3E8-4989-9F93-F3F2B6CFEC0F}.UAT|Any CPU.Build.0 = Release|Any CPU
		{49C767D6-3957-44A9-BF91-DC4424890105}.Debug|Any CPU.ActiveCfg = Debug|Any CPU
		{49C767D6-3957-44A9-BF91-DC4424890105}.Debug|Any CPU.Build.0 = Debug|Any CPU
		{49C767D6-3957-44A9-BF91-DC4424890105}.Development|Any CPU.ActiveCfg = Debug|Any CPU
		{49C767D6-3957-44A9-BF91-DC4424890105}.Development|Any CPU.Build.0 = Debug|Any CPU
		{49C767D6-3957-44A9-BF91-DC4424890105}.Release|Any CPU.ActiveCfg = Release|Any CPU
		{49C767D6-3957-44A9-BF91-DC4424890105}.Release|Any CPU.Build.0 = Release|Any CPU
		{49C767D6-3957-44A9-BF91-DC4424890105}.Test|Any CPU.ActiveCfg = Release|Any CPU
		{49C767D6-3957-44A9-BF91-DC4424890105}.Test|Any CPU.Build.0 = Release|Any CPU
		{49C767D6-3957-44A9-BF91-DC4424890105}.UAT|Any CPU.ActiveCfg = Release|Any CPU
		{49C767D6-3957-44A9-BF91-DC4424890105}.UAT|Any CPU.Build.0 = Release|Any CPU
		{14B7CD03-883F-4C92-97C7-4B393C5F2D58}.Debug|Any CPU.ActiveCfg = Debug|Any CPU
		{14B7CD03-883F-4C92-97C7-4B393C5F2D58}.Debug|Any CPU.Build.0 = Debug|Any CPU
		{14B7CD03-883F-4C92-97C7-4B393C5F2D58}.Development|Any CPU.ActiveCfg = Debug|Any CPU
		{14B7CD03-883F-4C92-97C7-4B393C5F2D58}.Development|Any CPU.Build.0 = Debug|Any CPU
		{14B7CD03-883F-4C92-97C7-4B393C5F2D58}.Release|Any CPU.ActiveCfg = Release|Any CPU
		{14B7CD03-883F-4C92-97C7-4B393C5F2D58}.Release|Any CPU.Build.0 = Release|Any CPU
		{14B7CD03-883F-4C92-97C7-4B393C5F2D58}.Test|Any CPU.ActiveCfg = Release|Any CPU
		{14B7CD03-883F-4C92-97C7-4B393C5F2D58}.Test|Any CPU.Build.0 = Release|Any CPU
		{14B7CD03-883F-4C92-97C7-4B393C5F2D58}.UAT|Any CPU.ActiveCfg = Release|Any CPU
		{14B7CD03-883F-4C92-97C7-4B393C5F2D58}.UAT|Any CPU.Build.0 = Release|Any CPU
		{3D52E05E-21F7-47BB-8361-594941F49534}.Debug|Any CPU.ActiveCfg = Debug|Any CPU
		{3D52E05E-21F7-47BB-8361-594941F49534}.Debug|Any CPU.Build.0 = Debug|Any CPU
		{3D52E05E-21F7-47BB-8361-594941F49534}.Development|Any CPU.ActiveCfg = Debug|Any CPU
		{3D52E05E-21F7-47BB-8361-594941F49534}.Development|Any CPU.Build.0 = Debug|Any CPU
		{3D52E05E-21F7-47BB-8361-594941F49534}.Release|Any CPU.ActiveCfg = Release|Any CPU
		{3D52E05E-21F7-47BB-8361-594941F49534}.Release|Any CPU.Build.0 = Release|Any CPU
		{3D52E05E-21F7-47BB-8361-594941F49534}.Test|Any CPU.ActiveCfg = Release|Any CPU
		{3D52E05E-21F7-47BB-8361-594941F49534}.Test|Any CPU.Build.0 = Release|Any CPU
		{3D52E05E-21F7-47BB-8361-594941F49534}.UAT|Any CPU.ActiveCfg = Release|Any CPU
		{3D52E05E-21F7-47BB-8361-594941F49534}.UAT|Any CPU.Build.0 = Release|Any CPU
		{FB7CB063-1F0D-4022-948D-6831A05EC6A6}.Debug|Any CPU.ActiveCfg = Debug|Any CPU
		{FB7CB063-1F0D-4022-948D-6831A05EC6A6}.Debug|Any CPU.Build.0 = Debug|Any CPU
		{FB7CB063-1F0D-4022-948D-6831A05EC6A6}.Development|Any CPU.ActiveCfg = Debug|Any CPU
		{FB7CB063-1F0D-4022-948D-6831A05EC6A6}.Development|Any CPU.Build.0 = Debug|Any CPU
		{FB7CB063-1F0D-4022-948D-6831A05EC6A6}.Release|Any CPU.ActiveCfg = Release|Any CPU
		{FB7CB063-1F0D-4022-948D-6831A05EC6A6}.Release|Any CPU.Build.0 = Release|Any CPU
		{FB7CB063-1F0D-4022-948D-6831A05EC6A6}.Test|Any CPU.ActiveCfg = Release|Any CPU
		{FB7CB063-1F0D-4022-948D-6831A05EC6A6}.Test|Any CPU.Build.0 = Release|Any CPU
		{FB7CB063-1F0D-4022-948D-6831A05EC6A6}.UAT|Any CPU.ActiveCfg = Release|Any CPU
		{FB7CB063-1F0D-4022-948D-6831A05EC6A6}.UAT|Any CPU.Build.0 = Release|Any CPU
		{368C0812-5448-404B-8BF8-CDD906DB54B4}.Debug|Any CPU.ActiveCfg = Debug|Any CPU
		{368C0812-5448-404B-8BF8-CDD906DB54B4}.Debug|Any CPU.Build.0 = Debug|Any CPU
		{368C0812-5448-404B-8BF8-CDD906DB54B4}.Development|Any CPU.ActiveCfg = Debug|Any CPU
		{368C0812-5448-404B-8BF8-CDD906DB54B4}.Development|Any CPU.Build.0 = Debug|Any CPU
		{368C0812-5448-404B-8BF8-CDD906DB54B4}.Release|Any CPU.ActiveCfg = Release|Any CPU
		{368C0812-5448-404B-8BF8-CDD906DB54B4}.Release|Any CPU.Build.0 = Release|Any CPU
		{368C0812-5448-404B-8BF8-CDD906DB54B4}.Test|Any CPU.ActiveCfg = Release|Any CPU
		{368C0812-5448-404B-8BF8-CDD906DB54B4}.Test|Any CPU.Build.0 = Release|Any CPU
		{368C0812-5448-404B-8BF8-CDD906DB54B4}.UAT|Any CPU.ActiveCfg = Release|Any CPU
		{368C0812-5448-404B-8BF8-CDD906DB54B4}.UAT|Any CPU.Build.0 = Release|Any CPU
		{0672AF0B-1B9A-4120-99BB-4CD37A252E1E}.Debug|Any CPU.ActiveCfg = Debug|Any CPU
		{0672AF0B-1B9A-4120-99BB-4CD37A252E1E}.Debug|Any CPU.Build.0 = Debug|Any CPU
		{0672AF0B-1B9A-4120-99BB-4CD37A252E1E}.Development|Any CPU.ActiveCfg = Debug|Any CPU
		{0672AF0B-1B9A-4120-99BB-4CD37A252E1E}.Development|Any CPU.Build.0 = Debug|Any CPU
		{0672AF0B-1B9A-4120-99BB-4CD37A252E1E}.Release|Any CPU.ActiveCfg = Release|Any CPU
		{0672AF0B-1B9A-4120-99BB-4CD37A252E1E}.Release|Any CPU.Build.0 = Release|Any CPU
		{0672AF0B-1B9A-4120-99BB-4CD37A252E1E}.Test|Any CPU.ActiveCfg = Release|Any CPU
		{0672AF0B-1B9A-4120-99BB-4CD37A252E1E}.Test|Any CPU.Build.0 = Release|Any CPU
		{0672AF0B-1B9A-4120-99BB-4CD37A252E1E}.UAT|Any CPU.ActiveCfg = Release|Any CPU
		{0672AF0B-1B9A-4120-99BB-4CD37A252E1E}.UAT|Any CPU.Build.0 = Release|Any CPU
		{D97AA0A6-00D3-4B44-8AE0-E357149B6CA6}.Debug|Any CPU.ActiveCfg = Debug|Any CPU
		{D97AA0A6-00D3-4B44-8AE0-E357149B6CA6}.Debug|Any CPU.Build.0 = Debug|Any CPU
		{D97AA0A6-00D3-4B44-8AE0-E357149B6CA6}.Development|Any CPU.ActiveCfg = Debug|Any CPU
		{D97AA0A6-00D3-4B44-8AE0-E357149B6CA6}.Development|Any CPU.Build.0 = Debug|Any CPU
		{D97AA0A6-00D3-4B44-8AE0-E357149B6CA6}.Release|Any CPU.ActiveCfg = Release|Any CPU
		{D97AA0A6-00D3-4B44-8AE0-E357149B6CA6}.Release|Any CPU.Build.0 = Release|Any CPU
		{D97AA0A6-00D3-4B44-8AE0-E357149B6CA6}.Test|Any CPU.ActiveCfg = Release|Any CPU
		{D97AA0A6-00D3-4B44-8AE0-E357149B6CA6}.Test|Any CPU.Build.0 = Release|Any CPU
		{D97AA0A6-00D3-4B44-8AE0-E357149B6CA6}.UAT|Any CPU.ActiveCfg = Release|Any CPU
		{D97AA0A6-00D3-4B44-8AE0-E357149B6CA6}.UAT|Any CPU.Build.0 = Release|Any CPU
		{678C3740-3209-41D7-800C-BD2D7F56A5A0}.Debug|Any CPU.ActiveCfg = Debug|Any CPU
		{678C3740-3209-41D7-800C-BD2D7F56A5A0}.Debug|Any CPU.Build.0 = Debug|Any CPU
		{678C3740-3209-41D7-800C-BD2D7F56A5A0}.Development|Any CPU.ActiveCfg = Debug|Any CPU
		{678C3740-3209-41D7-800C-BD2D7F56A5A0}.Development|Any CPU.Build.0 = Debug|Any CPU
		{678C3740-3209-41D7-800C-BD2D7F56A5A0}.Release|Any CPU.ActiveCfg = Release|Any CPU
		{678C3740-3209-41D7-800C-BD2D7F56A5A0}.Release|Any CPU.Build.0 = Release|Any CPU
		{678C3740-3209-41D7-800C-BD2D7F56A5A0}.Test|Any CPU.ActiveCfg = Release|Any CPU
		{678C3740-3209-41D7-800C-BD2D7F56A5A0}.Test|Any CPU.Build.0 = Release|Any CPU
		{678C3740-3209-41D7-800C-BD2D7F56A5A0}.UAT|Any CPU.ActiveCfg = Release|Any CPU
		{678C3740-3209-41D7-800C-BD2D7F56A5A0}.UAT|Any CPU.Build.0 = Release|Any CPU
		{287A7A76-88A0-4CBE-AD54-2B6D32FED830}.Debug|Any CPU.ActiveCfg = Debug|Any CPU
		{287A7A76-88A0-4CBE-AD54-2B6D32FED830}.Debug|Any CPU.Build.0 = Debug|Any CPU
		{287A7A76-88A0-4CBE-AD54-2B6D32FED830}.Development|Any CPU.ActiveCfg = Debug|Any CPU
		{287A7A76-88A0-4CBE-AD54-2B6D32FED830}.Development|Any CPU.Build.0 = Debug|Any CPU
		{287A7A76-88A0-4CBE-AD54-2B6D32FED830}.Release|Any CPU.ActiveCfg = Release|Any CPU
		{287A7A76-88A0-4CBE-AD54-2B6D32FED830}.Release|Any CPU.Build.0 = Release|Any CPU
		{287A7A76-88A0-4CBE-AD54-2B6D32FED830}.Test|Any CPU.ActiveCfg = Release|Any CPU
		{287A7A76-88A0-4CBE-AD54-2B6D32FED830}.Test|Any CPU.Build.0 = Release|Any CPU
		{287A7A76-88A0-4CBE-AD54-2B6D32FED830}.UAT|Any CPU.ActiveCfg = Release|Any CPU
		{287A7A76-88A0-4CBE-AD54-2B6D32FED830}.UAT|Any CPU.Build.0 = Release|Any CPU
	EndGlobalSection
	GlobalSection(SolutionProperties) = preSolution
		HideSolutionNode = FALSE
	EndGlobalSection
	GlobalSection(NestedProjects) = preSolution
		{1B36B587-9DC6-4382-B0A0-2139218C8A45} = {CB1CB907-B0EC-4A05-8EB5-A857FFDB0892}
		{9594664B-ABB7-43B0-93AB-27DF5D7B41D8} = {CB1CB907-B0EC-4A05-8EB5-A857FFDB0892}
		{52CCE297-BA52-4AB4-B783-DFAB4C08813D} = {2210E921-625E-4BB2-8C72-C198758FE232}
		{2210E921-625E-4BB2-8C72-C198758FE232} = {78BCB3F9-1B24-4B2C-AABB-5A0DD496CC4D}
		{7D751C02-B695-4C60-B6BC-CE0B351E8F04} = {2210E921-625E-4BB2-8C72-C198758FE232}
		{0E1FA976-DBC7-45B4-8046-E26857668D90} = {0D2A4837-9BD3-4464-9373-976BCBDAD0C9}
		{9FF5D172-1E47-4E30-8778-3DE65C209438} = {0D2A4837-9BD3-4464-9373-976BCBDAD0C9}
		{91B42D29-1161-4E4A-84A1-A2293C8C4560} = {E4AD073D-A815-49B7-9E02-A33F5D78FD5C}
		{084C9B35-C5AE-4EA0-9645-281434E8EA82} = {E4AD073D-A815-49B7-9E02-A33F5D78FD5C}
		{8941C3BF-8638-48E3-B55D-6C1CF4258D77} = {2210E921-625E-4BB2-8C72-C198758FE232}
		{54471722-4D16-4DF3-B116-EEFDEDA7B98F} = {CB1CB907-B0EC-4A05-8EB5-A857FFDB0892}
		{31C22915-8FE9-45B2-AF0F-01441CF56227} = {B059C380-0BFA-40CB-8337-09AFF3FAE9C5}
		{2C789509-C5D1-4E98-A479-7B902872CAF0} = {E4AD073D-A815-49B7-9E02-A33F5D78FD5C}
		{E6711F3C-79C3-4D11-B29B-27BDDBD505EE} = {2210E921-625E-4BB2-8C72-C198758FE232}
		{9EA197E3-C386-49F6-83A4-01FA06C2BBDC} = {78BCB3F9-1B24-4B2C-AABB-5A0DD496CC4D}
		{A4050C4E-171F-464C-872C-77DA5102533E} = {9EA197E3-C386-49F6-83A4-01FA06C2BBDC}
		{3AD560C8-63E7-48CF-89F8-805F92171124} = {51DEE70D-F860-42E8-B4CD-EC979261E286}
		{51DEE70D-F860-42E8-B4CD-EC979261E286} = {78BCB3F9-1B24-4B2C-AABB-5A0DD496CC4D}
		{DE766FE8-1094-46D3-8722-3FF7CF4D5458} = {51DEE70D-F860-42E8-B4CD-EC979261E286}
		{A85C6B41-A3E8-4989-9F93-F3F2B6CFEC0F} = {51DEE70D-F860-42E8-B4CD-EC979261E286}
		{49C767D6-3957-44A9-BF91-DC4424890105} = {51DEE70D-F860-42E8-B4CD-EC979261E286}
		{14B7CD03-883F-4C92-97C7-4B393C5F2D58} = {51DEE70D-F860-42E8-B4CD-EC979261E286}
		{3D52E05E-21F7-47BB-8361-594941F49534} = {2210E921-625E-4BB2-8C72-C198758FE232}
		{FB7CB063-1F0D-4022-948D-6831A05EC6A6} = {0D2A4837-9BD3-4464-9373-976BCBDAD0C9}
		{368C0812-5448-404B-8BF8-CDD906DB54B4} = {CB1CB907-B0EC-4A05-8EB5-A857FFDB0892}
		{0672AF0B-1B9A-4120-99BB-4CD37A252E1E} = {E4AD073D-A815-49B7-9E02-A33F5D78FD5C}
		{D97AA0A6-00D3-4B44-8AE0-E357149B6CA6} = {2210E921-625E-4BB2-8C72-C198758FE232}
		{678C3740-3209-41D7-800C-BD2D7F56A5A0} = {2210E921-625E-4BB2-8C72-C198758FE232}
		{287A7A76-88A0-4CBE-AD54-2B6D32FED830} = {51DEE70D-F860-42E8-B4CD-EC979261E286}
	EndGlobalSection
EndGlobal
